// !$*UTF8*$!
{
	archiveVersion = 1;
	classes = {
	};
	objectVersion = 46;
	objects = {
/* Begin PBXBuildFile section */
		858B842D18CA22B800AB12DE /* InfoPlist.strings in Resources */ = {isa = PBXBuildFile; fileRef = 858B833A18CA111C00AB12DE /* InfoPlist.strings */; };
		CD45EE7C18DC2D5800FB50C0 /* app in Resources */ = {isa = PBXBuildFile; fileRef = CD45EE7A18DC2D5800FB50C0 /* app */; };
		CD62955D1BB2678900AE3A93 /* main.m in Sources */ = {isa = PBXBuildFile; fileRef = CD62955C1BB2678900AE3A93 /* main.m */; };
		1078BA1D36CF41FAA4B4CFF1 /* Assets.xcassets in Resources */ = {isa = PBXBuildFile; fileRef = 93CBB0273BF4460F9C9E2AA8 /* Assets.xcassets */; };
		DCB410325C3D4558AF71A010 /* Icon-60@3x.png in Resources */ = {isa = PBXBuildFile; fileRef = A349E28B6B1A4F3EA06862CB /* Icon-60@3x.png */; };
		EA6D04536FDC4D3191175210 /* Icon-Small-40.png in Resources */ = {isa = PBXBuildFile; fileRef = 3AC14E6AA4BD441C89E6B636 /* Icon-Small-40.png */; };
		4722904FB6B24763A52E4586 /* Icon-Small-40@2x.png in Resources */ = {isa = PBXBuildFile; fileRef = 31B90A54549A4FE6AC6F7B4D /* Icon-Small-40@2x.png */; };
		204C4C8B7B6B428FA2AA8F0B /* Icon-Small-40@3x.png in Resources */ = {isa = PBXBuildFile; fileRef = E572C403ADDE4A448EC96F82 /* Icon-Small-40@3x.png */; };
		E87E3A57F14D4C918FE232C4 /* Icon-Small-50.png in Resources */ = {isa = PBXBuildFile; fileRef = D1A2FB3761D84882B91546FA /* Icon-Small-50.png */; };
		DE797A996832429283B789F9 /* Icon-Small-50@2x.png in Resources */ = {isa = PBXBuildFile; fileRef = CB7ABC2350314B21B6FDE572 /* Icon-Small-50@2x.png */; };
		A0E20F631F2E46D8822C4F35 /* Icon-Small.png in Resources */ = {isa = PBXBuildFile; fileRef = 474049D12F7A4E518BA87999 /* Icon-Small.png */; };
		C9FB6662DA8F44349E03ABCD /* Icon-Small@2x.png in Resources */ = {isa = PBXBuildFile; fileRef = 92BDBD9905FD461E91D14ABE /* Icon-Small@2x.png */; };
		5D6620895F924E7B8EC567F0 /* Icon-Small@3x.png in Resources */ = {isa = PBXBuildFile; fileRef = DFC0E083699A4C918F3542C6 /* Icon-Small@3x.png */; };
		277F1B40F4634546A43A6CF9 /* LaunchScreen.storyboard in Resources */ = {isa = PBXBuildFile; fileRef = EC7AD8712DD6412896FB1ADB /* LaunchScreen.storyboard */; };
		75756727C6614EE6BA484BB0 /* add.png in Resources */ = {isa = PBXBuildFile; fileRef = 1CA58003FD2D44DFBA9EE963 /* add.png */; };
		DE0312F4B72849EBAB31738B /* add@2x.png in Resources */ = {isa = PBXBuildFile; fileRef = D34BE0E0AB9140D88C184FEF /* add@2x.png */; };
		1C71BB8FAA594075B3E1DCB0 /* add@3x.png in Resources */ = {isa = PBXBuildFile; fileRef = 1EC47770A34A4573B837D172 /* add@3x.png */; };
		32256062866C4066ABA30A84 /* apple.png in Resources */ = {isa = PBXBuildFile; fileRef = 55805E3ACBFE45068F82ADBF /* apple.png */; };
		C783EE0329F44B7EAD4261E2 /* apple@2x.png in Resources */ = {isa = PBXBuildFile; fileRef = A9F46C350485476DA75DF3DC /* apple@2x.png */; };
		71A268F3F4694001B249E499 /* apple@3x.png in Resources */ = {isa = PBXBuildFile; fileRef = F714015D12604DB484455498 /* apple@3x.png */; };
		D23269C5C4564987A5B884E5 /* banana.png in Resources */ = {isa = PBXBuildFile; fileRef = 5E1EEBCC212B4F2E908557E1 /* banana.png */; };
		6D27D60A9DC1478E99BF8C0E /* banana@2x.png in Resources */ = {isa = PBXBuildFile; fileRef = B8702432A99340CC91E9849B /* banana@2x.png */; };
		CA4E836BCD374273A6E740EC /* banana@3x.png in Resources */ = {isa = PBXBuildFile; fileRef = 8F26722BF64E4709AD4EA5D6 /* banana@3x.png */; };
		83CE13C308A049D1BEFACCDD /* bg_inner.jpg in Resources */ = {isa = PBXBuildFile; fileRef = 4787D0DBAFA7448E984A554B /* bg_inner.jpg */; };
		1951983C63ED40CEBA4D05E1 /* bg_inner@2x.jpg in Resources */ = {isa = PBXBuildFile; fileRef = DB191D5600E947DB8F093943 /* bg_inner@2x.jpg */; };
		5BC18DC68D28439F8772E2AA /* bg_inner@3x.jpg in Resources */ = {isa = PBXBuildFile; fileRef = F00FCBCA1B474223A0788743 /* bg_inner@3x.jpg */; };
		8FE0F08546D5458993545A34 /* bg_login.jpg in Resources */ = {isa = PBXBuildFile; fileRef = 5331DB804F634A9AA29363FF /* bg_login.jpg */; };
		DDE3F8C4985D40C5B327EC90 /* bg_login@2x.jpg in Resources */ = {isa = PBXBuildFile; fileRef = 8E53BBB047EE422EB57670AA /* bg_login@2x.jpg */; };
		66B737EBB349451A9ED524F0 /* bg_login@3x.jpg in Resources */ = {isa = PBXBuildFile; fileRef = 93AC7453038944EBB67C3049 /* bg_login@3x.jpg */; };
		A19CA6895C06461EB78300C1 /* build.xcconfig in Resources */ = {isa = PBXBuildFile; fileRef = 1D88A0A57FA14C63B8A8A809 /* build.xcconfig */; };
		AEED5D1BA479488AAAB2F7C9 /* checked.png in Resources */ = {isa = PBXBuildFile; fileRef = BAD97C42BCE5480099D90515 /* checked.png */; };
		7F3BCF6CF14A4E7297636E3F /* checked@2x.png in Resources */ = {isa = PBXBuildFile; fileRef = 7C081D78265D4B3CB29B9B8B /* checked@2x.png */; };
		A3A2B9502DCD461085779FE4 /* checked@3x.png in Resources */ = {isa = PBXBuildFile; fileRef = A47530F00C3E4A78985F3B9B /* checked@3x.png */; };
		86E1D669A4FA4AF58C75C5A1 /* checked_white.png in Resources */ = {isa = PBXBuildFile; fileRef = B61ADFB76B1C4A509F4F0D30 /* checked_white.png */; };
		18F0A128371344EDBB29A2ED /* checked_white@2x.png in Resources */ = {isa = PBXBuildFile; fileRef = 9DEFBC7F150A4CCC8DB88659 /* checked_white@2x.png */; };
		2F3EB2FBA5F24B8CB2D24867 /* checked_white@3x.png in Resources */ = {isa = PBXBuildFile; fileRef = C9DD82258F5B4087BF4501DF /* checked_white@3x.png */; };
		DA3BCBC6F7C3427BA0B42F72 /* delete.png in Resources */ = {isa = PBXBuildFile; fileRef = 7F3D91D139E44ACF812CEF68 /* delete.png */; };
		F253A6AA74424FB4867CCCD1 /* delete@2x.png in Resources */ = {isa = PBXBuildFile; fileRef = 4F87853809D34EA0B6969813 /* delete@2x.png */; };
		56F1924A08164E28A4BDF0F9 /* delete@3x.png in Resources */ = {isa = PBXBuildFile; fileRef = CAB9E9840E2744D3B9AB9426 /* delete@3x.png */; };
		217CC7ADBF3748D7A0A86F1B /* iTunesArtwork@2x.png in Resources */ = {isa = PBXBuildFile; fileRef = 2555E1A5AE1642F7859825EF /* iTunesArtwork@2x.png */; };
		AC46305DD5B841608988533E /* icon-60.png in Resources */ = {isa = PBXBuildFile; fileRef = 190E20E828DD46C6B99CC62E /* icon-60.png */; };
		77F49591179C437FA0682917 /* icon-60@2x.png in Resources */ = {isa = PBXBuildFile; fileRef = D757373F8FEB4A9D864C1D46 /* icon-60@2x.png */; };
		A276DD39D2C040F6BF0EEC39 /* icon-72.png in Resources */ = {isa = PBXBuildFile; fileRef = 37EF55E869924C9996752652 /* icon-72.png */; };
		4E4D68A263E440CC8985C51D /* icon-72@2x.png in Resources */ = {isa = PBXBuildFile; fileRef = 2ED67BA043FE4B52BA9257F4 /* icon-72@2x.png */; };
		E822187341384E71B67D300C /* icon-76.png in Resources */ = {isa = PBXBuildFile; fileRef = D31D57C1342D4EEC8051F284 /* icon-76.png */; };
		2E92EF7A1ED74E61B187A004 /* icon-76@2x.png in Resources */ = {isa = PBXBuildFile; fileRef = D0088F18E81F494F885C278A /* icon-76@2x.png */; };
		6E79F0058D9841DEAE932343 /* icon.png in Resources */ = {isa = PBXBuildFile; fileRef = 67BF54B3423F4049BD506716 /* icon.png */; };
		066378F2C46D4C35987B8D2A /* icon@2x.png in Resources */ = {isa = PBXBuildFile; fileRef = CAAF2EECE199490CA12721F3 /* icon@2x.png */; };
		EFA27EA0AEE340E58D31F9F1 /* logo_login.png in Resources */ = {isa = PBXBuildFile; fileRef = 71CCE257CDF54BC3BC6A5465 /* logo_login.png */; };
		867E7C4DE8FE49CA9A5F6838 /* logo_login@2x.png in Resources */ = {isa = PBXBuildFile; fileRef = ADBEC053FA0A4305BA33E316 /* logo_login@2x.png */; };
		1A19B38095FD406797D9F6B2 /* logo_login@3x.png in Resources */ = {isa = PBXBuildFile; fileRef = 4965413433DF496CB87D8970 /* logo_login@3x.png */; };
		F9500162830A403BA3BB3788 /* logo_signup.png in Resources */ = {isa = PBXBuildFile; fileRef = 27BB6A1DE20C4840AAE10091 /* logo_signup.png */; };
		04477AC698B04870B0AEBFEB /* logo_signup@2x.png in Resources */ = {isa = PBXBuildFile; fileRef = AB497DA205364AF28AA72660 /* logo_signup@2x.png */; };
		B20A135A60E74203BE2268B6 /* logo_signup@3x.png in Resources */ = {isa = PBXBuildFile; fileRef = 4E16C963A552470AAB400128 /* logo_signup@3x.png */; };
		C057BA24D653467A83A659BB /* menu.png in Resources */ = {isa = PBXBuildFile; fileRef = 4C22FA28827741BE852D9D42 /* menu.png */; };
		3B89653184804FCC87CEFDBF /* menu@2x.png in Resources */ = {isa = PBXBuildFile; fileRef = C411D92F34CF4B46846644B3 /* menu@2x.png */; };
		EB5088A097984218BA465DE6 /* menu@3x.png in Resources */ = {isa = PBXBuildFile; fileRef = CF8A5B4F44DB4DBCB98489D5 /* menu@3x.png */; };
		DB980E91E25046AD8391A252 /* nonselected.png in Resources */ = {isa = PBXBuildFile; fileRef = 974D17DA86E04986AD87F1AA /* nonselected.png */; };
		01E0CE5D76C84A64B5C28B4D /* nonselected@2x.png in Resources */ = {isa = PBXBuildFile; fileRef = FA6517BB083A496CB994781D /* nonselected@2x.png */; };
		5C86C8D8A1BE470BB8C971FB /* nonselected@3x.png in Resources */ = {isa = PBXBuildFile; fileRef = F108C5AEDAF34DAA9BD7D967 /* nonselected@3x.png */; };
		630CB8047E0D47E4BA27EAF9 /* pear.png in Resources */ = {isa = PBXBuildFile; fileRef = 81A58350E6454BF3B243DD3A /* pear.png */; };
		5D61279970C94863877C5131 /* pear@2x.png in Resources */ = {isa = PBXBuildFile; fileRef = 26FF2B26939D4E999CFDAC00 /* pear@2x.png */; };
		3BD6B147926A49F8A7079E43 /* pear@3x.png in Resources */ = {isa = PBXBuildFile; fileRef = 1708F95B53994AB6863EC0A0 /* pear@3x.png */; };
		18D0D8A102AF4672BBBB2238 /* recent.png in Resources */ = {isa = PBXBuildFile; fileRef = 8A394B382B3E4D4B886B52DB /* recent.png */; };
		1B5A12E2F8D04727BDD80FD3 /* recent@2x.png in Resources */ = {isa = PBXBuildFile; fileRef = 9BD7F2E9788A413C9443D652 /* recent@2x.png */; };
		B6031B880BD7480BB63047A1 /* recent@3x.png in Resources */ = {isa = PBXBuildFile; fileRef = 4DAC400F32CC4F5FA76D10BE /* recent@3x.png */; };
		BED9A3569257487BA26EB55C /* selected.png in Resources */ = {isa = PBXBuildFile; fileRef = 02795A7753614EF798D321BB /* selected.png */; };
		1F41E25B4F654D1EA3413D60 /* selected@2x.png in Resources */ = {isa = PBXBuildFile; fileRef = F740CD1EC23440D1A31F70D2 /* selected@2x.png */; };
		35711958696C463387D9C313 /* selected@3x.png in Resources */ = {isa = PBXBuildFile; fileRef = B2A74FBCA2244A9EB4C548DA /* selected@3x.png */; };
		88BEC2F9CF87404088032D76 /* unchecked.png in Resources */ = {isa = PBXBuildFile; fileRef = 187A1B37BAC04AFAA9A34375 /* unchecked.png */; };
		23D68552F0DA4F818E83BAF5 /* unchecked@2x.png in Resources */ = {isa = PBXBuildFile; fileRef = 936D1F08AA754247A20ED213 /* unchecked@2x.png */; };
		FD1D38AFCC384E00B1349174 /* unchecked@3x.png in Resources */ = {isa = PBXBuildFile; fileRef = C9CC2B0C1D374B39B3017AD9 /* unchecked@3x.png */; };
		274573FCABA34ED4897EB30F /* unchecked_white.png in Resources */ = {isa = PBXBuildFile; fileRef = A2885A97BA234992A734BFC8 /* unchecked_white.png */; };
		3F75D1082A33449E8F6B8047 /* unchecked_white@2x.png in Resources */ = {isa = PBXBuildFile; fileRef = 482FD65D52A144DA968AAFF5 /* unchecked_white@2x.png */; };
		43623F8762B346D4979FCE78 /* unchecked_white@3x.png in Resources */ = {isa = PBXBuildFile; fileRef = 66B0990239C44A0D8F7C9044 /* unchecked_white@3x.png */; };
		9C6C634F84BF4010BF879526 /* TNSWidgets.framework in Frameworks */ = {isa = PBXBuildFile; fileRef = 53E0EF933DDA490FB9E0B20D /* TNSWidgets.framework */; };
		34DB3A5F711944D0B19537D0 /* TNSWidgets.framework in Embed Frameworks */ = {isa = PBXBuildFile; fileRef = 53E0EF933DDA490FB9E0B20D /* TNSWidgets.framework */; settings = {ATTRIBUTES = (CodeSignOnCopy, RemoveHeadersOnCopy, ); }; };
/* End PBXBuildFile section */

/* Begin PBXCopyFilesBuildPhase section */
		85F5BDFC1A9363BE006B9701 /* Embed Frameworks */ = {
			isa = PBXCopyFilesBuildPhase;
			buildActionMask = 2147483647;
			dstPath = "";
			dstSubfolderSpec = 10;
			files = (
				34DB3A5F711944D0B19537D0 /* TNSWidgets.framework in Embed Frameworks */,
			);
			name = "Embed Frameworks";
			runOnlyForDeploymentPostprocessing = 0;
		};
/* End PBXCopyFilesBuildPhase section */

/* Begin PBXFileReference section */
		858B832E18CA111C00AB12DE /* Groceries.app */ = {isa = PBXFileReference; explicitFileType = wrapper.application; includeInIndex = 0; path = Groceries.app; sourceTree = BUILT_PRODUCTS_DIR; };
		858B833918CA111C00AB12DE /* Groceries-Info.plist */ = {isa = PBXFileReference; lastKnownFileType = text.plist.xml; path = "Groceries-Info.plist"; sourceTree = "<group>"; };
		858B833B18CA111C00AB12DE /* en */ = {isa = PBXFileReference; lastKnownFileType = text.plist.strings; name = en; path = en.lproj/InfoPlist.strings; sourceTree = "<group>"; };
		858B833F18CA111C00AB12DE /* Groceries-Prefix.pch */ = {isa = PBXFileReference; lastKnownFileType = sourcecode.c.h; path = "Groceries-Prefix.pch"; sourceTree = "<group>"; };
		858B843318CA22B800AB12DE /* Groceries.app */ = {isa = PBXFileReference; explicitFileType = wrapper.application; includeInIndex = 0; path = Groceries.app; sourceTree = BUILT_PRODUCTS_DIR; };
		CD45EE7A18DC2D5800FB50C0 /* app */ = {isa = PBXFileReference; lastKnownFileType = folder; path = app; sourceTree = "<group>"; };
		CD62955C1BB2678900AE3A93 /* main.m */ = {isa = PBXFileReference; fileEncoding = 4; lastKnownFileType = sourcecode.c.objc; name = main.m; path = internal/main.m; sourceTree = SOURCE_ROOT; };
		CDD59A261BB43B5D00EC2671 /* build-debug.xcconfig */ = {isa = PBXFileReference; fileEncoding = 4; lastKnownFileType = text.xcconfig; path = "build-debug.xcconfig"; sourceTree = "<group>"; };
		CDD59A271BB43B5D00EC2671 /* build-release.xcconfig */ = {isa = PBXFileReference; fileEncoding = 4; lastKnownFileType = text.xcconfig; path = "build-release.xcconfig"; sourceTree = "<group>"; };
		CDF4743E1BA4855C0087EA85 /* build.xcconfig */ = {isa = PBXFileReference; fileEncoding = 4; lastKnownFileType = text.xcconfig; path = build.xcconfig; sourceTree = "<group>"; };
		93CBB0273BF4460F9C9E2AA8 /* Assets.xcassets */ = {isa = PBXFileReference; lastKnownFileType = unknown; name = Assets.xcassets; path = "Groceries/Resources/Assets.xcassets"; sourceTree = "<group>"; fileEncoding = 4; };
		A349E28B6B1A4F3EA06862CB /* Icon-60@3x.png */ = {isa = PBXFileReference; lastKnownFileType = image.png; name = "Icon-60@3x.png"; path = "Groceries/Resources/Icon-60@3x.png"; sourceTree = "<group>"; };
		3AC14E6AA4BD441C89E6B636 /* Icon-Small-40.png */ = {isa = PBXFileReference; lastKnownFileType = image.png; name = "Icon-Small-40.png"; path = "Groceries/Resources/Icon-Small-40.png"; sourceTree = "<group>"; };
		31B90A54549A4FE6AC6F7B4D /* Icon-Small-40@2x.png */ = {isa = PBXFileReference; lastKnownFileType = image.png; name = "Icon-Small-40@2x.png"; path = "Groceries/Resources/Icon-Small-40@2x.png"; sourceTree = "<group>"; };
		E572C403ADDE4A448EC96F82 /* Icon-Small-40@3x.png */ = {isa = PBXFileReference; lastKnownFileType = image.png; name = "Icon-Small-40@3x.png"; path = "Groceries/Resources/Icon-Small-40@3x.png"; sourceTree = "<group>"; };
		D1A2FB3761D84882B91546FA /* Icon-Small-50.png */ = {isa = PBXFileReference; lastKnownFileType = image.png; name = "Icon-Small-50.png"; path = "Groceries/Resources/Icon-Small-50.png"; sourceTree = "<group>"; };
		CB7ABC2350314B21B6FDE572 /* Icon-Small-50@2x.png */ = {isa = PBXFileReference; lastKnownFileType = image.png; name = "Icon-Small-50@2x.png"; path = "Groceries/Resources/Icon-Small-50@2x.png"; sourceTree = "<group>"; };
		474049D12F7A4E518BA87999 /* Icon-Small.png */ = {isa = PBXFileReference; lastKnownFileType = image.png; name = "Icon-Small.png"; path = "Groceries/Resources/Icon-Small.png"; sourceTree = "<group>"; };
		92BDBD9905FD461E91D14ABE /* Icon-Small@2x.png */ = {isa = PBXFileReference; lastKnownFileType = image.png; name = "Icon-Small@2x.png"; path = "Groceries/Resources/Icon-Small@2x.png"; sourceTree = "<group>"; };
		DFC0E083699A4C918F3542C6 /* Icon-Small@3x.png */ = {isa = PBXFileReference; lastKnownFileType = image.png; name = "Icon-Small@3x.png"; path = "Groceries/Resources/Icon-Small@3x.png"; sourceTree = "<group>"; };
		EC7AD8712DD6412896FB1ADB /* LaunchScreen.storyboard */ = {isa = PBXFileReference; lastKnownFileType = unknown; name = LaunchScreen.storyboard; path = "Groceries/Resources/LaunchScreen.storyboard"; sourceTree = "<group>"; fileEncoding = 4; };
		1CA58003FD2D44DFBA9EE963 /* add.png */ = {isa = PBXFileReference; lastKnownFileType = image.png; name = add.png; path = "Groceries/Resources/add.png"; sourceTree = "<group>"; };
		D34BE0E0AB9140D88C184FEF /* add@2x.png */ = {isa = PBXFileReference; lastKnownFileType = image.png; name = "add@2x.png"; path = "Groceries/Resources/add@2x.png"; sourceTree = "<group>"; };
		1EC47770A34A4573B837D172 /* add@3x.png */ = {isa = PBXFileReference; lastKnownFileType = image.png; name = "add@3x.png"; path = "Groceries/Resources/add@3x.png"; sourceTree = "<group>"; };
		55805E3ACBFE45068F82ADBF /* apple.png */ = {isa = PBXFileReference; lastKnownFileType = image.png; name = apple.png; path = "Groceries/Resources/apple.png"; sourceTree = "<group>"; };
		A9F46C350485476DA75DF3DC /* apple@2x.png */ = {isa = PBXFileReference; lastKnownFileType = image.png; name = "apple@2x.png"; path = "Groceries/Resources/apple@2x.png"; sourceTree = "<group>"; };
		F714015D12604DB484455498 /* apple@3x.png */ = {isa = PBXFileReference; lastKnownFileType = image.png; name = "apple@3x.png"; path = "Groceries/Resources/apple@3x.png"; sourceTree = "<group>"; };
		5E1EEBCC212B4F2E908557E1 /* banana.png */ = {isa = PBXFileReference; lastKnownFileType = image.png; name = banana.png; path = "Groceries/Resources/banana.png"; sourceTree = "<group>"; };
		B8702432A99340CC91E9849B /* banana@2x.png */ = {isa = PBXFileReference; lastKnownFileType = image.png; name = "banana@2x.png"; path = "Groceries/Resources/banana@2x.png"; sourceTree = "<group>"; };
		8F26722BF64E4709AD4EA5D6 /* banana@3x.png */ = {isa = PBXFileReference; lastKnownFileType = image.png; name = "banana@3x.png"; path = "Groceries/Resources/banana@3x.png"; sourceTree = "<group>"; };
		4787D0DBAFA7448E984A554B /* bg_inner.jpg */ = {isa = PBXFileReference; lastKnownFileType = unknown; name = bg_inner.jpg; path = "Groceries/Resources/bg_inner.jpg"; sourceTree = "<group>"; fileEncoding = 4; };
		DB191D5600E947DB8F093943 /* bg_inner@2x.jpg */ = {isa = PBXFileReference; lastKnownFileType = unknown; name = "bg_inner@2x.jpg"; path = "Groceries/Resources/bg_inner@2x.jpg"; sourceTree = "<group>"; fileEncoding = 4; };
		F00FCBCA1B474223A0788743 /* bg_inner@3x.jpg */ = {isa = PBXFileReference; lastKnownFileType = unknown; name = "bg_inner@3x.jpg"; path = "Groceries/Resources/bg_inner@3x.jpg"; sourceTree = "<group>"; fileEncoding = 4; };
		5331DB804F634A9AA29363FF /* bg_login.jpg */ = {isa = PBXFileReference; lastKnownFileType = unknown; name = bg_login.jpg; path = "Groceries/Resources/bg_login.jpg"; sourceTree = "<group>"; fileEncoding = 4; };
		8E53BBB047EE422EB57670AA /* bg_login@2x.jpg */ = {isa = PBXFileReference; lastKnownFileType = unknown; name = "bg_login@2x.jpg"; path = "Groceries/Resources/bg_login@2x.jpg"; sourceTree = "<group>"; fileEncoding = 4; };
		93AC7453038944EBB67C3049 /* bg_login@3x.jpg */ = {isa = PBXFileReference; lastKnownFileType = unknown; name = "bg_login@3x.jpg"; path = "Groceries/Resources/bg_login@3x.jpg"; sourceTree = "<group>"; fileEncoding = 4; };
		1D88A0A57FA14C63B8A8A809 /* build.xcconfig */ = {isa = PBXFileReference; lastKnownFileType = unknown; name = build.xcconfig; path = "Groceries/Resources/build.xcconfig"; sourceTree = "<group>"; fileEncoding = 4; };
		BAD97C42BCE5480099D90515 /* checked.png */ = {isa = PBXFileReference; lastKnownFileType = image.png; name = checked.png; path = "Groceries/Resources/checked.png"; sourceTree = "<group>"; };
		7C081D78265D4B3CB29B9B8B /* checked@2x.png */ = {isa = PBXFileReference; lastKnownFileType = image.png; name = "checked@2x.png"; path = "Groceries/Resources/checked@2x.png"; sourceTree = "<group>"; };
		A47530F00C3E4A78985F3B9B /* checked@3x.png */ = {isa = PBXFileReference; lastKnownFileType = image.png; name = "checked@3x.png"; path = "Groceries/Resources/checked@3x.png"; sourceTree = "<group>"; };
		B61ADFB76B1C4A509F4F0D30 /* checked_white.png */ = {isa = PBXFileReference; lastKnownFileType = image.png; name = checked_white.png; path = "Groceries/Resources/checked_white.png"; sourceTree = "<group>"; };
		9DEFBC7F150A4CCC8DB88659 /* checked_white@2x.png */ = {isa = PBXFileReference; lastKnownFileType = image.png; name = "checked_white@2x.png"; path = "Groceries/Resources/checked_white@2x.png"; sourceTree = "<group>"; };
		C9DD82258F5B4087BF4501DF /* checked_white@3x.png */ = {isa = PBXFileReference; lastKnownFileType = image.png; name = "checked_white@3x.png"; path = "Groceries/Resources/checked_white@3x.png"; sourceTree = "<group>"; };
		7F3D91D139E44ACF812CEF68 /* delete.png */ = {isa = PBXFileReference; lastKnownFileType = image.png; name = delete.png; path = "Groceries/Resources/delete.png"; sourceTree = "<group>"; };
		4F87853809D34EA0B6969813 /* delete@2x.png */ = {isa = PBXFileReference; lastKnownFileType = image.png; name = "delete@2x.png"; path = "Groceries/Resources/delete@2x.png"; sourceTree = "<group>"; };
		CAB9E9840E2744D3B9AB9426 /* delete@3x.png */ = {isa = PBXFileReference; lastKnownFileType = image.png; name = "delete@3x.png"; path = "Groceries/Resources/delete@3x.png"; sourceTree = "<group>"; };
		2555E1A5AE1642F7859825EF /* iTunesArtwork@2x.png */ = {isa = PBXFileReference; lastKnownFileType = image.png; name = "iTunesArtwork@2x.png"; path = "Groceries/Resources/iTunesArtwork@2x.png"; sourceTree = "<group>"; };
		190E20E828DD46C6B99CC62E /* icon-60.png */ = {isa = PBXFileReference; lastKnownFileType = image.png; name = "icon-60.png"; path = "Groceries/Resources/icon-60.png"; sourceTree = "<group>"; };
		D757373F8FEB4A9D864C1D46 /* icon-60@2x.png */ = {isa = PBXFileReference; lastKnownFileType = image.png; name = "icon-60@2x.png"; path = "Groceries/Resources/icon-60@2x.png"; sourceTree = "<group>"; };
		37EF55E869924C9996752652 /* icon-72.png */ = {isa = PBXFileReference; lastKnownFileType = image.png; name = "icon-72.png"; path = "Groceries/Resources/icon-72.png"; sourceTree = "<group>"; };
		2ED67BA043FE4B52BA9257F4 /* icon-72@2x.png */ = {isa = PBXFileReference; lastKnownFileType = image.png; name = "icon-72@2x.png"; path = "Groceries/Resources/icon-72@2x.png"; sourceTree = "<group>"; };
		D31D57C1342D4EEC8051F284 /* icon-76.png */ = {isa = PBXFileReference; lastKnownFileType = image.png; name = "icon-76.png"; path = "Groceries/Resources/icon-76.png"; sourceTree = "<group>"; };
		D0088F18E81F494F885C278A /* icon-76@2x.png */ = {isa = PBXFileReference; lastKnownFileType = image.png; name = "icon-76@2x.png"; path = "Groceries/Resources/icon-76@2x.png"; sourceTree = "<group>"; };
		67BF54B3423F4049BD506716 /* icon.png */ = {isa = PBXFileReference; lastKnownFileType = image.png; name = icon.png; path = "Groceries/Resources/icon.png"; sourceTree = "<group>"; };
		CAAF2EECE199490CA12721F3 /* icon@2x.png */ = {isa = PBXFileReference; lastKnownFileType = image.png; name = "icon@2x.png"; path = "Groceries/Resources/icon@2x.png"; sourceTree = "<group>"; };
		71CCE257CDF54BC3BC6A5465 /* logo_login.png */ = {isa = PBXFileReference; lastKnownFileType = image.png; name = logo_login.png; path = "Groceries/Resources/logo_login.png"; sourceTree = "<group>"; };
		ADBEC053FA0A4305BA33E316 /* logo_login@2x.png */ = {isa = PBXFileReference; lastKnownFileType = image.png; name = "logo_login@2x.png"; path = "Groceries/Resources/logo_login@2x.png"; sourceTree = "<group>"; };
		4965413433DF496CB87D8970 /* logo_login@3x.png */ = {isa = PBXFileReference; lastKnownFileType = image.png; name = "logo_login@3x.png"; path = "Groceries/Resources/logo_login@3x.png"; sourceTree = "<group>"; };
		27BB6A1DE20C4840AAE10091 /* logo_signup.png */ = {isa = PBXFileReference; lastKnownFileType = image.png; name = logo_signup.png; path = "Groceries/Resources/logo_signup.png"; sourceTree = "<group>"; };
		AB497DA205364AF28AA72660 /* logo_signup@2x.png */ = {isa = PBXFileReference; lastKnownFileType = image.png; name = "logo_signup@2x.png"; path = "Groceries/Resources/logo_signup@2x.png"; sourceTree = "<group>"; };
		4E16C963A552470AAB400128 /* logo_signup@3x.png */ = {isa = PBXFileReference; lastKnownFileType = image.png; name = "logo_signup@3x.png"; path = "Groceries/Resources/logo_signup@3x.png"; sourceTree = "<group>"; };
		4C22FA28827741BE852D9D42 /* menu.png */ = {isa = PBXFileReference; lastKnownFileType = image.png; name = menu.png; path = "Groceries/Resources/menu.png"; sourceTree = "<group>"; };
		C411D92F34CF4B46846644B3 /* menu@2x.png */ = {isa = PBXFileReference; lastKnownFileType = image.png; name = "menu@2x.png"; path = "Groceries/Resources/menu@2x.png"; sourceTree = "<group>"; };
		CF8A5B4F44DB4DBCB98489D5 /* menu@3x.png */ = {isa = PBXFileReference; lastKnownFileType = image.png; name = "menu@3x.png"; path = "Groceries/Resources/menu@3x.png"; sourceTree = "<group>"; };
		974D17DA86E04986AD87F1AA /* nonselected.png */ = {isa = PBXFileReference; lastKnownFileType = image.png; name = nonselected.png; path = "Groceries/Resources/nonselected.png"; sourceTree = "<group>"; };
		FA6517BB083A496CB994781D /* nonselected@2x.png */ = {isa = PBXFileReference; lastKnownFileType = image.png; name = "nonselected@2x.png"; path = "Groceries/Resources/nonselected@2x.png"; sourceTree = "<group>"; };
		F108C5AEDAF34DAA9BD7D967 /* nonselected@3x.png */ = {isa = PBXFileReference; lastKnownFileType = image.png; name = "nonselected@3x.png"; path = "Groceries/Resources/nonselected@3x.png"; sourceTree = "<group>"; };
		81A58350E6454BF3B243DD3A /* pear.png */ = {isa = PBXFileReference; lastKnownFileType = image.png; name = pear.png; path = "Groceries/Resources/pear.png"; sourceTree = "<group>"; };
		26FF2B26939D4E999CFDAC00 /* pear@2x.png */ = {isa = PBXFileReference; lastKnownFileType = image.png; name = "pear@2x.png"; path = "Groceries/Resources/pear@2x.png"; sourceTree = "<group>"; };
		1708F95B53994AB6863EC0A0 /* pear@3x.png */ = {isa = PBXFileReference; lastKnownFileType = image.png; name = "pear@3x.png"; path = "Groceries/Resources/pear@3x.png"; sourceTree = "<group>"; };
		8A394B382B3E4D4B886B52DB /* recent.png */ = {isa = PBXFileReference; lastKnownFileType = image.png; name = recent.png; path = "Groceries/Resources/recent.png"; sourceTree = "<group>"; };
		9BD7F2E9788A413C9443D652 /* recent@2x.png */ = {isa = PBXFileReference; lastKnownFileType = image.png; name = "recent@2x.png"; path = "Groceries/Resources/recent@2x.png"; sourceTree = "<group>"; };
		4DAC400F32CC4F5FA76D10BE /* recent@3x.png */ = {isa = PBXFileReference; lastKnownFileType = image.png; name = "recent@3x.png"; path = "Groceries/Resources/recent@3x.png"; sourceTree = "<group>"; };
		02795A7753614EF798D321BB /* selected.png */ = {isa = PBXFileReference; lastKnownFileType = image.png; name = selected.png; path = "Groceries/Resources/selected.png"; sourceTree = "<group>"; };
		F740CD1EC23440D1A31F70D2 /* selected@2x.png */ = {isa = PBXFileReference; lastKnownFileType = image.png; name = "selected@2x.png"; path = "Groceries/Resources/selected@2x.png"; sourceTree = "<group>"; };
		B2A74FBCA2244A9EB4C548DA /* selected@3x.png */ = {isa = PBXFileReference; lastKnownFileType = image.png; name = "selected@3x.png"; path = "Groceries/Resources/selected@3x.png"; sourceTree = "<group>"; };
		187A1B37BAC04AFAA9A34375 /* unchecked.png */ = {isa = PBXFileReference; lastKnownFileType = image.png; name = unchecked.png; path = "Groceries/Resources/unchecked.png"; sourceTree = "<group>"; };
		936D1F08AA754247A20ED213 /* unchecked@2x.png */ = {isa = PBXFileReference; lastKnownFileType = image.png; name = "unchecked@2x.png"; path = "Groceries/Resources/unchecked@2x.png"; sourceTree = "<group>"; };
		C9CC2B0C1D374B39B3017AD9 /* unchecked@3x.png */ = {isa = PBXFileReference; lastKnownFileType = image.png; name = "unchecked@3x.png"; path = "Groceries/Resources/unchecked@3x.png"; sourceTree = "<group>"; };
		A2885A97BA234992A734BFC8 /* unchecked_white.png */ = {isa = PBXFileReference; lastKnownFileType = image.png; name = unchecked_white.png; path = "Groceries/Resources/unchecked_white.png"; sourceTree = "<group>"; };
		482FD65D52A144DA968AAFF5 /* unchecked_white@2x.png */ = {isa = PBXFileReference; lastKnownFileType = image.png; name = "unchecked_white@2x.png"; path = "Groceries/Resources/unchecked_white@2x.png"; sourceTree = "<group>"; };
		66B0990239C44A0D8F7C9044 /* unchecked_white@3x.png */ = {isa = PBXFileReference; lastKnownFileType = image.png; name = "unchecked_white@3x.png"; path = "Groceries/Resources/unchecked_white@3x.png"; sourceTree = "<group>"; };
		53E0EF933DDA490FB9E0B20D /* TNSWidgets.framework */ = {isa = PBXFileReference; lastKnownFileType = wrapper.framework; name = TNSWidgets.framework; path = "$(SRCROOT)/../../node_modules/tns-core-modules-widgets/platforms/ios/TNSWidgets.framework"; sourceTree = "<group>"; };
/* End PBXFileReference section */

/* Begin PBXFrameworksBuildPhase section */
		858B83F418CA22B800AB12DE /* Frameworks */ = {
			isa = PBXFrameworksBuildPhase;
			buildActionMask = 2147483647;
			files = (
				9C6C634F84BF4010BF879526 /* TNSWidgets.framework in Frameworks */,
			);
			runOnlyForDeploymentPostprocessing = 0;
		};
/* End PBXFrameworksBuildPhase section */

/* Begin PBXGroup section */
		858B832518CA111C00AB12DE = {
			isa = PBXGroup;
			children = (
				E070579D1B39A9D000214BF1 /* Resources */,
				858B833718CA111C00AB12DE /* Groceries */,
				858B833018CA111C00AB12DE /* Frameworks */,
				858B832F18CA111C00AB12DE /* Products */,
			);
			sourceTree = "<group>";
		};
		858B832F18CA111C00AB12DE /* Products */ = {
			isa = PBXGroup;
			children = (
				858B832E18CA111C00AB12DE /* Groceries.app */,
				858B843318CA22B800AB12DE /* Groceries.app */,
			);
			name = Products;
			sourceTree = "<group>";
		};
		858B833018CA111C00AB12DE /* Frameworks */ = {
			isa = PBXGroup;
			children = (
				53E0EF933DDA490FB9E0B20D /* TNSWidgets.framework */,
			);
			name = Frameworks;
			sourceTree = "<group>";
		};
		858B833718CA111C00AB12DE /* Groceries */ = {
			isa = PBXGroup;
			children = (
				CD45EE7A18DC2D5800FB50C0 /* app */,
				858B833818CA111C00AB12DE /* Supporting Files */,
			);
			path = Groceries;
			sourceTree = "<group>";
		};
		858B833818CA111C00AB12DE /* Supporting Files */ = {
			isa = PBXGroup;
			children = (
				CDF4743E1BA4855C0087EA85 /* build.xcconfig */,
				CDD59A261BB43B5D00EC2671 /* build-debug.xcconfig */,
				CDD59A271BB43B5D00EC2671 /* build-release.xcconfig */,
				858B833918CA111C00AB12DE /* Groceries-Info.plist */,
				858B833A18CA111C00AB12DE /* InfoPlist.strings */,
				CD62955C1BB2678900AE3A93 /* main.m */,
				858B833F18CA111C00AB12DE /* Groceries-Prefix.pch */,
			);
			name = "Supporting Files";
			sourceTree = "<group>";
		};
		E070579D1B39A9D000214BF1 /* Resources */ = {
			isa = PBXGroup;
			children = (
				93CBB0273BF4460F9C9E2AA8 /* Assets.xcassets */,
				A349E28B6B1A4F3EA06862CB /* Icon-60@3x.png */,
				3AC14E6AA4BD441C89E6B636 /* Icon-Small-40.png */,
				31B90A54549A4FE6AC6F7B4D /* Icon-Small-40@2x.png */,
				E572C403ADDE4A448EC96F82 /* Icon-Small-40@3x.png */,
				D1A2FB3761D84882B91546FA /* Icon-Small-50.png */,
				CB7ABC2350314B21B6FDE572 /* Icon-Small-50@2x.png */,
				474049D12F7A4E518BA87999 /* Icon-Small.png */,
				92BDBD9905FD461E91D14ABE /* Icon-Small@2x.png */,
				DFC0E083699A4C918F3542C6 /* Icon-Small@3x.png */,
				EC7AD8712DD6412896FB1ADB /* LaunchScreen.storyboard */,
				1CA58003FD2D44DFBA9EE963 /* add.png */,
				D34BE0E0AB9140D88C184FEF /* add@2x.png */,
				1EC47770A34A4573B837D172 /* add@3x.png */,
				55805E3ACBFE45068F82ADBF /* apple.png */,
				A9F46C350485476DA75DF3DC /* apple@2x.png */,
				F714015D12604DB484455498 /* apple@3x.png */,
				5E1EEBCC212B4F2E908557E1 /* banana.png */,
				B8702432A99340CC91E9849B /* banana@2x.png */,
				8F26722BF64E4709AD4EA5D6 /* banana@3x.png */,
				4787D0DBAFA7448E984A554B /* bg_inner.jpg */,
				DB191D5600E947DB8F093943 /* bg_inner@2x.jpg */,
				F00FCBCA1B474223A0788743 /* bg_inner@3x.jpg */,
				5331DB804F634A9AA29363FF /* bg_login.jpg */,
				8E53BBB047EE422EB57670AA /* bg_login@2x.jpg */,
				93AC7453038944EBB67C3049 /* bg_login@3x.jpg */,
				1D88A0A57FA14C63B8A8A809 /* build.xcconfig */,
				BAD97C42BCE5480099D90515 /* checked.png */,
				7C081D78265D4B3CB29B9B8B /* checked@2x.png */,
				A47530F00C3E4A78985F3B9B /* checked@3x.png */,
				B61ADFB76B1C4A509F4F0D30 /* checked_white.png */,
				9DEFBC7F150A4CCC8DB88659 /* checked_white@2x.png */,
				C9DD82258F5B4087BF4501DF /* checked_white@3x.png */,
				7F3D91D139E44ACF812CEF68 /* delete.png */,
				4F87853809D34EA0B6969813 /* delete@2x.png */,
				CAB9E9840E2744D3B9AB9426 /* delete@3x.png */,
				2555E1A5AE1642F7859825EF /* iTunesArtwork@2x.png */,
				190E20E828DD46C6B99CC62E /* icon-60.png */,
				D757373F8FEB4A9D864C1D46 /* icon-60@2x.png */,
				37EF55E869924C9996752652 /* icon-72.png */,
				2ED67BA043FE4B52BA9257F4 /* icon-72@2x.png */,
				D31D57C1342D4EEC8051F284 /* icon-76.png */,
				D0088F18E81F494F885C278A /* icon-76@2x.png */,
				67BF54B3423F4049BD506716 /* icon.png */,
				CAAF2EECE199490CA12721F3 /* icon@2x.png */,
				71CCE257CDF54BC3BC6A5465 /* logo_login.png */,
				ADBEC053FA0A4305BA33E316 /* logo_login@2x.png */,
				4965413433DF496CB87D8970 /* logo_login@3x.png */,
				27BB6A1DE20C4840AAE10091 /* logo_signup.png */,
				AB497DA205364AF28AA72660 /* logo_signup@2x.png */,
				4E16C963A552470AAB400128 /* logo_signup@3x.png */,
				4C22FA28827741BE852D9D42 /* menu.png */,
				C411D92F34CF4B46846644B3 /* menu@2x.png */,
				CF8A5B4F44DB4DBCB98489D5 /* menu@3x.png */,
				974D17DA86E04986AD87F1AA /* nonselected.png */,
				FA6517BB083A496CB994781D /* nonselected@2x.png */,
				F108C5AEDAF34DAA9BD7D967 /* nonselected@3x.png */,
				81A58350E6454BF3B243DD3A /* pear.png */,
				26FF2B26939D4E999CFDAC00 /* pear@2x.png */,
				1708F95B53994AB6863EC0A0 /* pear@3x.png */,
				8A394B382B3E4D4B886B52DB /* recent.png */,
				9BD7F2E9788A413C9443D652 /* recent@2x.png */,
				4DAC400F32CC4F5FA76D10BE /* recent@3x.png */,
				02795A7753614EF798D321BB /* selected.png */,
				F740CD1EC23440D1A31F70D2 /* selected@2x.png */,
				B2A74FBCA2244A9EB4C548DA /* selected@3x.png */,
				187A1B37BAC04AFAA9A34375 /* unchecked.png */,
				936D1F08AA754247A20ED213 /* unchecked@2x.png */,
				C9CC2B0C1D374B39B3017AD9 /* unchecked@3x.png */,
				A2885A97BA234992A734BFC8 /* unchecked_white.png */,
				482FD65D52A144DA968AAFF5 /* unchecked_white@2x.png */,
				66B0990239C44A0D8F7C9044 /* unchecked_white@3x.png */,
			);
			name = Resources;
			sourceTree = "<group>";
		};
/* End PBXGroup section */

/* Begin PBXNativeTarget section */
		858B83EF18CA22B800AB12DE /* Groceries */ = {
			isa = PBXNativeTarget;
			buildConfigurationList = 858B843018CA22B800AB12DE /* Build configuration list for PBXNativeTarget "Groceries" */;
			buildPhases = (
				C97FD7AC1ADE5369004DB2A4 /* NativeScript PreBuild */,
				858B83F218CA22B800AB12DE /* Sources */,
				CD62955B1BB2651D00AE3A93 /* NativeScript PreLink */,
				858B83F418CA22B800AB12DE /* Frameworks */,
				858B842C18CA22B800AB12DE /* Resources */,
				85F5BDFC1A9363BE006B9701 /* Embed Frameworks */,
				CD3EAD351B05FF060042DBFC /* NativeScript PostBuild */,
			);
			buildRules = (
			);
			dependencies = (
			);
			name = Groceries;
			productName = JDBridgeApp;
			productReference = 858B843318CA22B800AB12DE /* Groceries.app */;
			productType = "com.apple.product-type.application";
		};
/* End PBXNativeTarget section */

/* Begin PBXProject section */
		858B832618CA111C00AB12DE /* Project object */ = {
			isa = PBXProject;
			attributes = {
				CLASSPREFIX = TNS;
				LastUpgradeCheck = 500;
				ORGANIZATIONNAME = Telerik;
			};
			buildConfigurationList = 858B832918CA111C00AB12DE /* Build configuration list for PBXProject "Groceries" */;
			compatibilityVersion = "Xcode 3.2";
			developmentRegion = English;
			hasScannedForEncodings = 0;
			knownRegions = (
				en,
			);
			mainGroup = 858B832518CA111C00AB12DE;
			productRefGroup = 858B832F18CA111C00AB12DE /* Products */;
			projectDirPath = "";
			projectRoot = "";
			targets = (
				858B83EF18CA22B800AB12DE /* Groceries */,
			);
		};
/* End PBXProject section */

/* Begin PBXResourcesBuildPhase section */
		858B842C18CA22B800AB12DE /* Resources */ = {
			isa = PBXResourcesBuildPhase;
			buildActionMask = 2147483647;
			files = (
				CD45EE7C18DC2D5800FB50C0 /* app in Resources */,
				858B842D18CA22B800AB12DE /* InfoPlist.strings in Resources */,
				1078BA1D36CF41FAA4B4CFF1 /* Assets.xcassets in Resources */,
				DCB410325C3D4558AF71A010 /* Icon-60@3x.png in Resources */,
				EA6D04536FDC4D3191175210 /* Icon-Small-40.png in Resources */,
				4722904FB6B24763A52E4586 /* Icon-Small-40@2x.png in Resources */,
				204C4C8B7B6B428FA2AA8F0B /* Icon-Small-40@3x.png in Resources */,
				E87E3A57F14D4C918FE232C4 /* Icon-Small-50.png in Resources */,
				DE797A996832429283B789F9 /* Icon-Small-50@2x.png in Resources */,
				A0E20F631F2E46D8822C4F35 /* Icon-Small.png in Resources */,
				C9FB6662DA8F44349E03ABCD /* Icon-Small@2x.png in Resources */,
				5D6620895F924E7B8EC567F0 /* Icon-Small@3x.png in Resources */,
				277F1B40F4634546A43A6CF9 /* LaunchScreen.storyboard in Resources */,
				75756727C6614EE6BA484BB0 /* add.png in Resources */,
				DE0312F4B72849EBAB31738B /* add@2x.png in Resources */,
				1C71BB8FAA594075B3E1DCB0 /* add@3x.png in Resources */,
				32256062866C4066ABA30A84 /* apple.png in Resources */,
				C783EE0329F44B7EAD4261E2 /* apple@2x.png in Resources */,
				71A268F3F4694001B249E499 /* apple@3x.png in Resources */,
				D23269C5C4564987A5B884E5 /* banana.png in Resources */,
				6D27D60A9DC1478E99BF8C0E /* banana@2x.png in Resources */,
				CA4E836BCD374273A6E740EC /* banana@3x.png in Resources */,
				83CE13C308A049D1BEFACCDD /* bg_inner.jpg in Resources */,
				1951983C63ED40CEBA4D05E1 /* bg_inner@2x.jpg in Resources */,
				5BC18DC68D28439F8772E2AA /* bg_inner@3x.jpg in Resources */,
				8FE0F08546D5458993545A34 /* bg_login.jpg in Resources */,
				DDE3F8C4985D40C5B327EC90 /* bg_login@2x.jpg in Resources */,
				66B737EBB349451A9ED524F0 /* bg_login@3x.jpg in Resources */,
				A19CA6895C06461EB78300C1 /* build.xcconfig in Resources */,
				AEED5D1BA479488AAAB2F7C9 /* checked.png in Resources */,
				7F3BCF6CF14A4E7297636E3F /* checked@2x.png in Resources */,
				A3A2B9502DCD461085779FE4 /* checked@3x.png in Resources */,
				86E1D669A4FA4AF58C75C5A1 /* checked_white.png in Resources */,
				18F0A128371344EDBB29A2ED /* checked_white@2x.png in Resources */,
				2F3EB2FBA5F24B8CB2D24867 /* checked_white@3x.png in Resources */,
				DA3BCBC6F7C3427BA0B42F72 /* delete.png in Resources */,
				F253A6AA74424FB4867CCCD1 /* delete@2x.png in Resources */,
				56F1924A08164E28A4BDF0F9 /* delete@3x.png in Resources */,
				217CC7ADBF3748D7A0A86F1B /* iTunesArtwork@2x.png in Resources */,
				AC46305DD5B841608988533E /* icon-60.png in Resources */,
				77F49591179C437FA0682917 /* icon-60@2x.png in Resources */,
				A276DD39D2C040F6BF0EEC39 /* icon-72.png in Resources */,
				4E4D68A263E440CC8985C51D /* icon-72@2x.png in Resources */,
				E822187341384E71B67D300C /* icon-76.png in Resources */,
				2E92EF7A1ED74E61B187A004 /* icon-76@2x.png in Resources */,
				6E79F0058D9841DEAE932343 /* icon.png in Resources */,
				066378F2C46D4C35987B8D2A /* icon@2x.png in Resources */,
				EFA27EA0AEE340E58D31F9F1 /* logo_login.png in Resources */,
				867E7C4DE8FE49CA9A5F6838 /* logo_login@2x.png in Resources */,
				1A19B38095FD406797D9F6B2 /* logo_login@3x.png in Resources */,
				F9500162830A403BA3BB3788 /* logo_signup.png in Resources */,
				04477AC698B04870B0AEBFEB /* logo_signup@2x.png in Resources */,
				B20A135A60E74203BE2268B6 /* logo_signup@3x.png in Resources */,
				C057BA24D653467A83A659BB /* menu.png in Resources */,
				3B89653184804FCC87CEFDBF /* menu@2x.png in Resources */,
				EB5088A097984218BA465DE6 /* menu@3x.png in Resources */,
				DB980E91E25046AD8391A252 /* nonselected.png in Resources */,
				01E0CE5D76C84A64B5C28B4D /* nonselected@2x.png in Resources */,
				5C86C8D8A1BE470BB8C971FB /* nonselected@3x.png in Resources */,
				630CB8047E0D47E4BA27EAF9 /* pear.png in Resources */,
				5D61279970C94863877C5131 /* pear@2x.png in Resources */,
				3BD6B147926A49F8A7079E43 /* pear@3x.png in Resources */,
				18D0D8A102AF4672BBBB2238 /* recent.png in Resources */,
				1B5A12E2F8D04727BDD80FD3 /* recent@2x.png in Resources */,
				B6031B880BD7480BB63047A1 /* recent@3x.png in Resources */,
				BED9A3569257487BA26EB55C /* selected.png in Resources */,
				1F41E25B4F654D1EA3413D60 /* selected@2x.png in Resources */,
				35711958696C463387D9C313 /* selected@3x.png in Resources */,
				88BEC2F9CF87404088032D76 /* unchecked.png in Resources */,
				23D68552F0DA4F818E83BAF5 /* unchecked@2x.png in Resources */,
				FD1D38AFCC384E00B1349174 /* unchecked@3x.png in Resources */,
				274573FCABA34ED4897EB30F /* unchecked_white.png in Resources */,
				3F75D1082A33449E8F6B8047 /* unchecked_white@2x.png in Resources */,
				43623F8762B346D4979FCE78 /* unchecked_white@3x.png in Resources */,
			);
			runOnlyForDeploymentPostprocessing = 0;
		};
/* End PBXResourcesBuildPhase section */

/* Begin PBXShellScriptBuildPhase section */
		C97FD7AC1ADE5369004DB2A4 /* NativeScript PreBuild */ = {
			isa = PBXShellScriptBuildPhase;
			buildActionMask = 2147483647;
			files = (
			);
			inputPaths = (
			);
			name = "NativeScript PreBuild";
			outputPaths = (
			);
			runOnlyForDeploymentPostprocessing = 0;
			shellPath = /bin/sh;
			shellScript = "\"$SRCROOT/internal/nativescript-pre-build\"";
			showEnvVarsInLog = 0;
		};
		CD3EAD351B05FF060042DBFC /* NativeScript PostBuild */ = {
			isa = PBXShellScriptBuildPhase;
			buildActionMask = 2147483647;
			files = (
			);
			inputPaths = (
			);
			name = "NativeScript PostBuild";
			outputPaths = (
			);
			runOnlyForDeploymentPostprocessing = 0;
			shellPath = /bin/sh;
			shellScript = "\"$SRCROOT/internal/nativescript-post-build\"";
			showEnvVarsInLog = 0;
		};
		CD62955B1BB2651D00AE3A93 /* NativeScript PreLink */ = {
			isa = PBXShellScriptBuildPhase;
			buildActionMask = 2147483647;
			files = (
			);
			inputPaths = (
			);
			name = "NativeScript PreLink";
			outputPaths = (
			);
			runOnlyForDeploymentPostprocessing = 0;
			shellPath = /bin/sh;
			shellScript = "\"$SRCROOT/internal/nativescript-pre-link\"";
			showEnvVarsInLog = 0;
		};
/* End PBXShellScriptBuildPhase section */

/* Begin PBXSourcesBuildPhase section */
		858B83F218CA22B800AB12DE /* Sources */ = {
			isa = PBXSourcesBuildPhase;
			buildActionMask = 2147483647;
			files = (
				CD62955D1BB2678900AE3A93 /* main.m in Sources */,
			);
			runOnlyForDeploymentPostprocessing = 0;
		};
/* End PBXSourcesBuildPhase section */

/* Begin PBXVariantGroup section */
		858B833A18CA111C00AB12DE /* InfoPlist.strings */ = {
			isa = PBXVariantGroup;
			children = (
				858B833B18CA111C00AB12DE /* en */,
			);
			name = InfoPlist.strings;
			sourceTree = "<group>";
		};
/* End PBXVariantGroup section */

/* Begin XCBuildConfiguration section */
		858B835818CA111C00AB12DE /* Debug */ = {
			isa = XCBuildConfiguration;
			buildSettings = {
				ALWAYS_SEARCH_USER_PATHS = NO;
				ARCHS = "$(ARCHS_STANDARD)";
				CLANG_CXX_LANGUAGE_STANDARD = "gnu++0x";
				CLANG_CXX_LIBRARY = "libc++";
				CLANG_ENABLE_MODULES = YES;
				CLANG_ENABLE_OBJC_ARC = YES;
				CLANG_WARN_BOOL_CONVERSION = YES;
				CLANG_WARN_CONSTANT_CONVERSION = YES;
				CLANG_WARN_DIRECT_OBJC_ISA_USAGE = YES_ERROR;
				CLANG_WARN_EMPTY_BODY = YES;
				CLANG_WARN_ENUM_CONVERSION = YES;
				CLANG_WARN_INT_CONVERSION = YES;
				CLANG_WARN_OBJC_ROOT_CLASS = YES_ERROR;
				CLANG_WARN__DUPLICATE_METHOD_MATCH = YES;
				"CODE_SIGN_IDENTITY[sdk=iphoneos*]" = "iPhone Developer";
				COPY_PHASE_STRIP = NO;
				GCC_C_LANGUAGE_STANDARD = gnu99;
				GCC_DYNAMIC_NO_PIC = NO;
				GCC_OPTIMIZATION_LEVEL = 0;
				GCC_SYMBOLS_PRIVATE_EXTERN = NO;
				GCC_WARN_64_TO_32_BIT_CONVERSION = YES;
				GCC_WARN_ABOUT_RETURN_TYPE = YES_ERROR;
				GCC_WARN_UNDECLARED_SELECTOR = YES;
				GCC_WARN_UNINITIALIZED_AUTOS = YES;
				GCC_WARN_UNUSED_FUNCTION = YES;
				GCC_WARN_UNUSED_VARIABLE = YES;
				IPHONEOS_DEPLOYMENT_TARGET = 8.0;
				ONLY_ACTIVE_ARCH = YES;
				SDKROOT = iphoneos;
				TARGETED_DEVICE_FAMILY = "1,2";
				VALID_ARCHS = "armv7 arm64";
			};
			name = Debug;
		};
		858B835918CA111C00AB12DE /* Release */ = {
			isa = XCBuildConfiguration;
			buildSettings = {
				ALWAYS_SEARCH_USER_PATHS = NO;
				ARCHS = "$(ARCHS_STANDARD)";
				CLANG_CXX_LANGUAGE_STANDARD = "gnu++0x";
				CLANG_CXX_LIBRARY = "libc++";
				CLANG_ENABLE_MODULES = YES;
				CLANG_ENABLE_OBJC_ARC = YES;
				CLANG_WARN_BOOL_CONVERSION = YES;
				CLANG_WARN_CONSTANT_CONVERSION = YES;
				CLANG_WARN_DIRECT_OBJC_ISA_USAGE = YES_ERROR;
				CLANG_WARN_EMPTY_BODY = YES;
				CLANG_WARN_ENUM_CONVERSION = YES;
				CLANG_WARN_INT_CONVERSION = YES;
				CLANG_WARN_OBJC_ROOT_CLASS = YES_ERROR;
				CLANG_WARN__DUPLICATE_METHOD_MATCH = YES;
				"CODE_SIGN_IDENTITY[sdk=iphoneos*]" = "iPhone Developer";
				COPY_PHASE_STRIP = YES;
				ENABLE_NS_ASSERTIONS = NO;
				GCC_C_LANGUAGE_STANDARD = gnu99;
				GCC_WARN_64_TO_32_BIT_CONVERSION = YES;
				GCC_WARN_ABOUT_RETURN_TYPE = YES_ERROR;
				GCC_WARN_UNDECLARED_SELECTOR = YES;
				GCC_WARN_UNINITIALIZED_AUTOS = YES;
				GCC_WARN_UNUSED_FUNCTION = YES;
				GCC_WARN_UNUSED_VARIABLE = YES;
				IPHONEOS_DEPLOYMENT_TARGET = 8.0;
				SDKROOT = iphoneos;
				TARGETED_DEVICE_FAMILY = "1,2";
				VALIDATE_PRODUCT = YES;
				VALID_ARCHS = "armv7 arm64";
			};
			name = Release;
		};
		858B843118CA22B800AB12DE /* Debug */ = {
			isa = XCBuildConfiguration;
			baseConfigurationReference = CDD59A261BB43B5D00EC2671 /* build-debug.xcconfig */;
			buildSettings = {
				ARCHS = "$(ARCHS_STANDARD)";
				CLANG_ENABLE_MODULES = NO;
				CLANG_MODULES_AUTOLINK = NO;
				ENABLE_BITCODE = NO;
				GCC_PRECOMPILE_PREFIX_HEADER = YES;
				GCC_PREFIX_HEADER = "Groceries/Groceries-Prefix.pch";
				GCC_PREPROCESSOR_DEFINITIONS = (
					"$(inherited)",
					"DEBUG=1",
				);
				INFOPLIST_FILE = "$(SRCROOT)/Groceries/Groceries-Info.plist";
				LD_RUNPATH_SEARCH_PATHS = "$(inherited) @executable_path/Frameworks";
				PRODUCT_NAME = Groceries;
				VALID_ARCHS = "armv7 arm64";
				WRAPPER_EXTENSION = app;
				FRAMEWORK_SEARCH_PATHS = (
					"$(inherited)",
					"\"$(SRCROOT)/../../node_modules/tns-core-modules-widgets/platforms/ios\"",
				);
			};
			name = Debug;
		};
		858B843218CA22B800AB12DE /* Release */ = {
			isa = XCBuildConfiguration;
			baseConfigurationReference = CDD59A271BB43B5D00EC2671 /* build-release.xcconfig */;
			buildSettings = {
				ARCHS = "$(ARCHS_STANDARD)";
				CLANG_ENABLE_MODULES = NO;
				CLANG_MODULES_AUTOLINK = NO;
				ENABLE_BITCODE = NO;
				GCC_PRECOMPILE_PREFIX_HEADER = YES;
				GCC_PREFIX_HEADER = "Groceries/Groceries-Prefix.pch";
				INFOPLIST_FILE = "$(SRCROOT)/Groceries/Groceries-Info.plist";
				LD_RUNPATH_SEARCH_PATHS = "$(inherited) @executable_path/Frameworks";
				PRODUCT_NAME = Groceries;
				VALID_ARCHS = "armv7 arm64";
				WRAPPER_EXTENSION = app;
				FRAMEWORK_SEARCH_PATHS = (
					"$(inherited)",
					"\"$(SRCROOT)/../../node_modules/tns-core-modules-widgets/platforms/ios\"",
				);
			};
			name = Release;
		};
/* End XCBuildConfiguration section */

/* Begin XCConfigurationList section */
		858B832918CA111C00AB12DE /* Build configuration list for PBXProject "Groceries" */ = {
			isa = XCConfigurationList;
			buildConfigurations = (
				858B835818CA111C00AB12DE /* Debug */,
				858B835918CA111C00AB12DE /* Release */,
			);
			defaultConfigurationIsVisible = 0;
			defaultConfigurationName = Release;
		};
		858B843018CA22B800AB12DE /* Build configuration list for PBXNativeTarget "Groceries" */ = {
			isa = XCConfigurationList;
			buildConfigurations = (
				858B843118CA22B800AB12DE /* Debug */,
				858B843218CA22B800AB12DE /* Release */,
			);
			defaultConfigurationIsVisible = 0;
			defaultConfigurationName = Release;
		};
/* End XCConfigurationList section */
	};
	rootObject = 858B832618CA111C00AB12DE /* Project object */;
}
